
Microsoft Visual Studio Solution File, Format Version 12.00
# Visual Studio 15
VisualStudioVersion = 15.0.26124.0
MinimumVisualStudioVersion = 15.0.26124.0
Project("{2150E333-8FDC-42A3-9474-1A3956D46DE8}") = "tests", "tests", "{2A700FD2-E656-4F41-9F25-05129F017AE0}"
EndProject
Project("{FAE04EC0-301F-11D3-BF4B-00C04F79EFBC}") = "DeletionDistance.Tests", "tests\DeletionDistance.Tests\DeletionDistance.Tests.csproj", "{B4523FA8-E2ED-4E6E-9C5E-9A301E4A8095}"
EndProject
Project("{2150E333-8FDC-42A3-9474-1A3956D46DE8}") = "src", "src", "{8FDE9E89-96FF-4332-BBC6-45FAE5E8F740}"
EndProject
Project("{FAE04EC0-301F-11D3-BF4B-00C04F79EFBC}") = "DeletionDistance", "src\DeletionDistance\DeletionDistance.csproj", "{6775A36D-CF7B-49B8-8E75-0F82A5C3543B}"
EndProject
Global
	GlobalSection(SolutionConfigurationPlatforms) = preSolution
		Debug|Any CPU = Debug|Any CPU
		Debug|x64 = Debug|x64
		Debug|x86 = Debug|x86
		Release|Any CPU = Release|Any CPU
		Release|x64 = Release|x64
		Release|x86 = Release|x86
	EndGlobalSection
	GlobalSection(SolutionProperties) = preSolution
		HideSolutionNode = FALSE
	EndGlobalSection
	GlobalSection(ProjectConfigurationPlatforms) = postSolution
		{B4523FA8-E2ED-4E6E-9C5E-9A301E4A8095}.Debug|Any CPU.ActiveCfg = Debug|Any CPU
		{B4523FA8-E2ED-4E6E-9C5E-9A301E4A8095}.Debug|Any CPU.Build.0 = Debug|Any CPU
		{B4523FA8-E2ED-4E6E-9C5E-9A301E4A8095}.Debug|x64.ActiveCfg = Debug|Any CPU
		{B4523FA8-E2ED-4E6E-9C5E-9A301E4A8095}.Debug|x64.Build.0 = Debug|Any CPU
		{B4523FA8-E2ED-4E6E-9C5E-9A301E4A8095}.Debug|x86.ActiveCfg = Debug|Any CPU
		{B4523FA8-E2ED-4E6E-9C5E-9A301E4A8095}.Debug|x86.Build.0 = Debug|Any CPU
		{B4523FA8-E2ED-4E6E-9C5E-9A301E4A8095}.Release|Any CPU.ActiveCfg = Release|Any CPU
		{B4523FA8-E2ED-4E6E-9C5E-9A301E4A8095}.Release|Any CPU.Build.0 = Release|Any CPU
		{B4523FA8-E2ED-4E6E-9C5E-9A301E4A8095}.Release|x64.ActiveCfg = Release|Any CPU
		{B4523FA8-E2ED-4E6E-9C5E-9A301E4A8095}.Release|x64.Build.0 = Release|Any CPU
		{B4523FA8-E2ED-4E6E-9C5E-9A301E4A8095}.Release|x86.ActiveCfg = Release|Any CPU
		{B4523FA8-E2ED-4E6E-9C5E-9A301E4A8095}.Release|x86.Build.0 = Release|Any CPU
		{6775A36D-CF7B-49B8-8E75-0F82A5C3543B}.Debug|Any CPU.ActiveCfg = Debug|Any CPU
		{6775A36D-CF7B-49B8-8E75-0F82A5C3543B}.Debug|Any CPU.Build.0 = Debug|Any CPU
		{6775A36D-CF7B-49B8-8E75-0F82A5C3543B}.Debug|x64.ActiveCfg = Debug|Any CPU
		{6775A36D-CF7B-49B8-8E75-0F82A5C3543B}.Debug|x64.Build.0 = Debug|Any CPU
		{6775A36D-CF7B-49B8-8E75-0F82A5C3543B}.Debug|x86.ActiveCfg = Debug|Any CPU
		{6775A36D-CF7B-49B8-8E75-0F82A5C3543B}.Debug|x86.Build.0 = Debug|Any CPU
		{6775A36D-CF7B-49B8-8E75-0F82A5C3543B}.Release|Any CPU.ActiveCfg = Release|Any CPU
		{6775A36D-CF7B-49B8-8E75-0F82A5C3543B}.Release|Any CPU.Build.0 = Release|Any CPU
		{6775A36D-CF7B-49B8-8E75-0F82A5C3543B}.Release|x64.ActiveCfg = Release|Any CPU
		{6775A36D-CF7B-49B8-8E75-0F82A5C3543B}.Release|x64.Build.0 = Release|Any CPU
		{6775A36D-CF7B-49B8-8E75-0F82A5C3543B}.Release|x86.ActiveCfg = Release|Any CPU
		{6775A36D-CF7B-49B8-8E75-0F82A5C3543B}.Release|x86.Build.0 = Release|Any CPU
	EndGlobalSection
	GlobalSection(NestedProjects) = preSolution
		{B4523FA8-E2ED-4E6E-9C5E-9A301E4A8095} = {2A700FD2-E656-4F41-9F25-05129F017AE0}
		{6775A36D-CF7B-49B8-8E75-0F82A5C3543B} = {8FDE9E89-96FF-4332-BBC6-45FAE5E8F740}
	EndGlobalSection
EndGlobal
